
Microsoft Visual Studio Solution File, Format Version 12.00
# Visual Studio Version 17
VisualStudioVersion = 17.5.002.0
MinimumVisualStudioVersion = 10.0.40219.1
Project("{9A19103F-16F7-4668-BE54-9A1E7A4F7556}") = "Cw", "Cw.csproj", "{4E7A80C9-3540-445C-B58A-5EF9730E21A7}"
EndProject
Global
	GlobalSection(SolutionConfigurationPlatforms) = preSolution
		Debug|Any CPU = Debug|Any CPU
		Release|Any CPU = Release|Any CPU
	EndGlobalSection
	GlobalSection(ProjectConfigurationPlatforms) = postSolution
		{4E7A80C9-3540-445C-B58A-5EF9730E21A7}.Debug|Any CPU.ActiveCfg = Debug|Any CPU
		{4E7A80C9-3540-445C-B58A-5EF9730E21A7}.Debug|Any CPU.Build.0 = Debug|Any CPU
		{4E7A80C9-3540-445C-B58A-5EF9730E21A7}.Release|Any CPU.ActiveCfg = Release|Any CPU
		{4E7A80C9-3540-445C-B58A-5EF9730E21A7}.Release|Any CPU.Build.0 = Release|Any CPU
	EndGlobalSection
	GlobalSection(SolutionProperties) = preSolution
		HideSolutionNode = FALSE
	EndGlobalSection
	GlobalSection(ExtensibilityGlobals) = postSolution
		SolutionGuid = {F7D713AC-8046-4E40-BA8F-C57701C83833}
	EndGlobalSection
EndGlobal
